
Microsoft Visual Studio Solution File, Format Version 12.00
# Visual Studio 2015
Project("{FAE04EC0-301F-11D3-BF4B-00C04F79EFBC}") = "UnityVS.ZombieStarve.CSharp", "UnityVS.ZombieStarve.CSharp.csproj", "{9F32303F-EAFB-61E9-FAA7-E2F26C05CA77}"
EndProject
Project("{FAE04EC0-301F-11D3-BF4B-00C04F79EFBC}") = "UnityVS.ZombieStarve.CSharp.Editor", "UnityVS.ZombieStarve.CSharp.Editor.csproj", "{D4CC12D9-C829-44EC-49B7-CCEE9C2514FC}"
EndProject
Global
	GlobalSection(SolutionConfigurationPlatforms) = preSolution
		Debug|Any CPU = Debug|Any CPU
		Release|Any CPU = Release|Any CPU
	EndGlobalSection
	GlobalSection(ProjectConfigurationPlatforms) = postSolution
		{9F32303F-EAFB-61E9-FAA7-E2F26C05CA77}.Debug|Any CPU.ActiveCfg = Debug|Any CPU
		{9F32303F-EAFB-61E9-FAA7-E2F26C05CA77}.Debug|Any CPU.Build.0 = Debug|Any CPU
		{9F32303F-EAFB-61E9-FAA7-E2F26C05CA77}.Release|Any CPU.ActiveCfg = Release|Any CPU
		{9F32303F-EAFB-61E9-FAA7-E2F26C05CA77}.Release|Any CPU.Build.0 = Release|Any CPU
		{D4CC12D9-C829-44EC-49B7-CCEE9C2514FC}.Debug|Any CPU.ActiveCfg = Debug|Any CPU
		{D4CC12D9-C829-44EC-49B7-CCEE9C2514FC}.Debug|Any CPU.Build.0 = Debug|Any CPU
		{D4CC12D9-C829-44EC-49B7-CCEE9C2514FC}.Release|Any CPU.ActiveCfg = Release|Any CPU
		{D4CC12D9-C829-44EC-49B7-CCEE9C2514FC}.Release|Any CPU.Build.0 = Release|Any CPU
	EndGlobalSection
	GlobalSection(SolutionProperties) = preSolution
		HideSolutionNode = FALSE
	EndGlobalSection
EndGlobal
